
Microsoft Visual Studio Solution File, Format Version 12.00
# Visual Studio Version 16
VisualStudioVersion = 16.0.31005.135
MinimumVisualStudioVersion = 10.0.40219.1
Project("{9A19103F-16F7-4668-BE54-9A1E7A4F7556}") = "RegistarApi", "RegistarApi.csproj", "{9E6EF1E3-27B7-414F-922C-B23922E48DE6}"
EndProject
Project("{FAE04EC0-301F-11D3-BF4B-00C04F79EFBC}") = "Tests", "..\Tests\Tests.csproj", "{8F0DD380-1C2F-4BCF-9241-FCF2A4D2BD7A}"
EndProject
Project("{FAE04EC0-301F-11D3-BF4B-00C04F79EFBC}") = "authClientTestConsole", "authClientTestConsole\authClientTestConsole.csproj", "{54FFC584-AED4-4AE2-9304-A269330CAD89}"
EndProject
Global
	GlobalSection(SolutionConfigurationPlatforms) = preSolution
		Debug|Any CPU = Debug|Any CPU
		Release|Any CPU = Release|Any CPU
	EndGlobalSection
	GlobalSection(ProjectConfigurationPlatforms) = postSolution
		{9E6EF1E3-27B7-414F-922C-B23922E48DE6}.Debug|Any CPU.ActiveCfg = Debug|Any CPU
		{9E6EF1E3-27B7-414F-922C-B23922E48DE6}.Debug|Any CPU.Build.0 = Debug|Any CPU
		{9E6EF1E3-27B7-414F-922C-B23922E48DE6}.Release|Any CPU.ActiveCfg = Release|Any CPU
		{9E6EF1E3-27B7-414F-922C-B23922E48DE6}.Release|Any CPU.Build.0 = Release|Any CPU
		{8F0DD380-1C2F-4BCF-9241-FCF2A4D2BD7A}.Debug|Any CPU.ActiveCfg = Debug|Any CPU
		{8F0DD380-1C2F-4BCF-9241-FCF2A4D2BD7A}.Debug|Any CPU.Build.0 = Debug|Any CPU
		{8F0DD380-1C2F-4BCF-9241-FCF2A4D2BD7A}.Release|Any CPU.ActiveCfg = Release|Any CPU
		{8F0DD380-1C2F-4BCF-9241-FCF2A4D2BD7A}.Release|Any CPU.Build.0 = Release|Any CPU
		{54FFC584-AED4-4AE2-9304-A269330CAD89}.Debug|Any CPU.ActiveCfg = Debug|Any CPU
		{54FFC584-AED4-4AE2-9304-A269330CAD89}.Debug|Any CPU.Build.0 = Debug|Any CPU
		{54FFC584-AED4-4AE2-9304-A269330CAD89}.Release|Any CPU.ActiveCfg = Release|Any CPU
		{54FFC584-AED4-4AE2-9304-A269330CAD89}.Release|Any CPU.Build.0 = Release|Any CPU
	EndGlobalSection
	GlobalSection(SolutionProperties) = preSolution
		HideSolutionNode = FALSE
	EndGlobalSection
	GlobalSection(ExtensibilityGlobals) = postSolution
		SolutionGuid = {5E59885C-D7AE-4124-9D8A-BEF0205B8FDE}
	EndGlobalSection
EndGlobal
